
Microsoft Visual Studio Solution File, Format Version 12.00
# Visual Studio Version 17
VisualStudioVersion = 17.7.34009.444
MinimumVisualStudioVersion = 17.0.0
Project("{FAE04EC0-301F-11D3-BF4B-00C04F79EFBC}") = "Blaise.Api", "Blaise.Api\Blaise.Api.csproj", "{F35096F9-A4BB-4C18-8DA1-158C66FABCAC}"
EndProject
Project("{FAE04EC0-301F-11D3-BF4B-00C04F79EFBC}") = "Blaise.Api.Core", "Blaise.Api.Core\Blaise.Api.Core.csproj", "{CB7A9A87-41B1-40C9-8899-1AB4DDDF7563}"
EndProject
Project("{2150E333-8FDC-42A3-9474-1A3956D46DE8}") = "Tests", "Tests", "{0B95B646-5743-4866-93EE-C048389F5490}"
EndProject
Project("{FAE04EC0-301F-11D3-BF4B-00C04F79EFBC}") = "Blaise.Api.Tests.Unit", "Blaise.Api.Tests.Unit\Blaise.Api.Tests.Unit.csproj", "{655C480E-2C5F-4295-BE6A-E47261B0E8E7}"
EndProject
Project("{FAE04EC0-301F-11D3-BF4B-00C04F79EFBC}") = "Blaise.Api.Contracts", "Blaise.Api.Contracts\Blaise.Api.Contracts.csproj", "{2BCBA3C0-1DF1-4F28-96AF-0B5F9F8015A3}"
EndProject
Project("{FAE04EC0-301F-11D3-BF4B-00C04F79EFBC}") = "Blaise.Api.Tests.Behaviour", "Blaise.Api.Tests.Behaviour\Blaise.Api.Tests.Behaviour.csproj", "{84196213-8407-40A6-B2BE-AF545D29CBF2}"
EndProject
Project("{FAE04EC0-301F-11D3-BF4B-00C04F79EFBC}") = "Blaise.Api.Storage", "Blaise.Api.Storage\Blaise.Api.Storage.csproj", "{7C8F3591-49E3-4A48-AB46-843CC181E7BD}"
EndProject
Project("{FAE04EC0-301F-11D3-BF4B-00C04F79EFBC}") = "Blaise.Api.Logging", "Blaise.Api.Logging\Blaise.Api.Logging.csproj", "{8E9C7380-58E1-45FB-9E85-EBB18C012328}"
EndProject
Project("{2150E333-8FDC-42A3-9474-1A3956D46DE8}") = "Solution Items", "Solution Items", "{8EC462FD-D22E-90A8-E5CE-7E832BA40C5D}"
	ProjectSection(SolutionItems) = preProject
		.editorconfig = .editorconfig
		.gitattributes = .gitattributes
		.gitignore = .gitignore
		build_pipeline.yml = build_pipeline.yml
		Directory.Build.props = Directory.Build.props
		README.md = README.md
	EndProjectSection
EndProject
Global
	GlobalSection(SolutionConfigurationPlatforms) = preSolution
		Debug|AnyCPU = Debug|AnyCPU
		Release|AnyCPU = Release|AnyCPU
	EndGlobalSection
	GlobalSection(ProjectConfigurationPlatforms) = postSolution
		{F35096F9-A4BB-4C18-8DA1-158C66FABCAC}.Debug|AnyCPU.ActiveCfg = Debug|AnyCPU
		{F35096F9-A4BB-4C18-8DA1-158C66FABCAC}.Debug|AnyCPU.Build.0 = Debug|AnyCPU
		{F35096F9-A4BB-4C18-8DA1-158C66FABCAC}.Release|AnyCPU.ActiveCfg = Release|AnyCPU
		{F35096F9-A4BB-4C18-8DA1-158C66FABCAC}.Release|AnyCPU.Build.0 = Release|AnyCPU
		{CB7A9A87-41B1-40C9-8899-1AB4DDDF7563}.Debug|AnyCPU.ActiveCfg = Debug|AnyCPU
		{CB7A9A87-41B1-40C9-8899-1AB4DDDF7563}.Debug|AnyCPU.Build.0 = Debug|AnyCPU
		{CB7A9A87-41B1-40C9-8899-1AB4DDDF7563}.Release|AnyCPU.ActiveCfg = Release|AnyCPU
		{CB7A9A87-41B1-40C9-8899-1AB4DDDF7563}.Release|AnyCPU.Build.0 = Release|AnyCPU
		{655C480E-2C5F-4295-BE6A-E47261B0E8E7}.Debug|AnyCPU.ActiveCfg = Debug|AnyCPU
		{655C480E-2C5F-4295-BE6A-E47261B0E8E7}.Debug|AnyCPU.Build.0 = Debug|AnyCPU
		{655C480E-2C5F-4295-BE6A-E47261B0E8E7}.Release|AnyCPU.ActiveCfg = Release|AnyCPU
		{655C480E-2C5F-4295-BE6A-E47261B0E8E7}.Release|AnyCPU.Build.0 = Release|AnyCPU
		{2BCBA3C0-1DF1-4F28-96AF-0B5F9F8015A3}.Debug|AnyCPU.ActiveCfg = Debug|AnyCPU
		{2BCBA3C0-1DF1-4F28-96AF-0B5F9F8015A3}.Debug|AnyCPU.Build.0 = Debug|AnyCPU
		{2BCBA3C0-1DF1-4F28-96AF-0B5F9F8015A3}.Release|AnyCPU.ActiveCfg = Release|AnyCPU
		{2BCBA3C0-1DF1-4F28-96AF-0B5F9F8015A3}.Release|AnyCPU.Build.0 = Release|AnyCPU
		{84196213-8407-40A6-B2BE-AF545D29CBF2}.Debug|AnyCPU.ActiveCfg = Debug|AnyCPU
		{84196213-8407-40A6-B2BE-AF545D29CBF2}.Debug|AnyCPU.Build.0 = Debug|AnyCPU
		{84196213-8407-40A6-B2BE-AF545D29CBF2}.Release|AnyCPU.ActiveCfg = Release|AnyCPU
		{84196213-8407-40A6-B2BE-AF545D29CBF2}.Release|AnyCPU.Build.0 = Release|AnyCPU
		{7C8F3591-49E3-4A48-AB46-843CC181E7BD}.Debug|AnyCPU.ActiveCfg = Debug|AnyCPU
		{7C8F3591-49E3-4A48-AB46-843CC181E7BD}.Debug|AnyCPU.Build.0 = Debug|AnyCPU
		{7C8F3591-49E3-4A48-AB46-843CC181E7BD}.Release|AnyCPU.ActiveCfg = Release|AnyCPU
		{7C8F3591-49E3-4A48-AB46-843CC181E7BD}.Release|AnyCPU.Build.0 = Release|AnyCPU
		{8E9C7380-58E1-45FB-9E85-EBB18C012328}.Debug|AnyCPU.ActiveCfg = Debug|AnyCPU
		{8E9C7380-58E1-45FB-9E85-EBB18C012328}.Debug|AnyCPU.Build.0 = Debug|AnyCPU
		{8E9C7380-58E1-45FB-9E85-EBB18C012328}.Release|AnyCPU.ActiveCfg = Release|AnyCPU
		{8E9C7380-58E1-45FB-9E85-EBB18C012328}.Release|AnyCPU.Build.0 = Release|AnyCPU
	EndGlobalSection
	GlobalSection(SolutionProperties) = preSolution
		HideSolutionNode = FALSE
	EndGlobalSection
	GlobalSection(NestedProjects) = preSolution
		{655C480E-2C5F-4295-BE6A-E47261B0E8E7} = {0B95B646-5743-4866-93EE-C048389F5490}
		{84196213-8407-40A6-B2BE-AF545D29CBF2} = {0B95B646-5743-4866-93EE-C048389F5490}
	EndGlobalSection
	GlobalSection(ExtensibilityGlobals) = postSolution
		SolutionGuid = {3AB574D1-10A3-4CC6-AFF7-F85074CF2755}
	EndGlobalSection
EndGlobal
